// !$*UTF8*$!
{
	archiveVersion = 1;
	classes = {
	};
	objectVersion = 46;
	objects = {

/* Begin PBXBuildFile section */
		568460221CAAE5D300EF5821 /* AppDelegate.swift in Sources */ = {isa = PBXBuildFile; fileRef = 568460211CAAE5D300EF5821 /* AppDelegate.swift */; };
		568460241CAAE5D300EF5821 /* ViewController.swift in Sources */ = {isa = PBXBuildFile; fileRef = 568460231CAAE5D300EF5821 /* ViewController.swift */; };
		568460271CAAE5D300EF5821 /* Main.storyboard in Resources */ = {isa = PBXBuildFile; fileRef = 568460251CAAE5D300EF5821 /* Main.storyboard */; };
		568460291CAAE5D300EF5821 /* Assets.xcassets in Resources */ = {isa = PBXBuildFile; fileRef = 568460281CAAE5D300EF5821 /* Assets.xcassets */; };
		5684602C1CAAE5D300EF5821 /* LaunchScreen.storyboard in Resources */ = {isa = PBXBuildFile; fileRef = 5684602A1CAAE5D300EF5821 /* LaunchScreen.storyboard */; };
/* End PBXBuildFile section */

/* Begin PBXFileReference section */
		5684601E1CAAE5D300EF5821 /* Ability Calculator.app */ = {isa = PBXFileReference; explicitFileType = wrapper.application; includeInIndex = 0; path = "Ability Calculator.app"; sourceTree = BUILT_PRODUCTS_DIR; };
		568460211CAAE5D300EF5821 /* AppDelegate.swift */ = {isa = PBXFileReference; lastKnownFileType = sourcecode.swift; path = AppDelegate.swift; sourceTree = "<group>"; };
		568460231CAAE5D300EF5821 /* ViewController.swift */ = {isa = PBXFileReference; lastKnownFileType = sourcecode.swift; path = ViewController.swift; sourceTree = "<group>"; };
		568460261CAAE5D300EF5821 /* Base */ = {isa = PBXFileReference; lastKnownFileType = file.storyboard; name = Base; path = Base.lproj/Main.storyboard; sourceTree = "<group>"; };
		568460281CAAE5D300EF5821 /* Assets.xcassets */ = {isa = PBXFileReference; lastKnownFileType = folder.assetcatalog; path = Assets.xcassets; sourceTree = "<group>"; };
		5684602B1CAAE5D300EF5821 /* Base */ = {isa = PBXFileReference; lastKnownFileType = file.storyboard; name = Base; path = Base.lproj/LaunchScreen.storyboard; sourceTree = "<group>"; };
		5684602D1CAAE5D300EF5821 /* Info.plist */ = {isa = PBXFileReference; lastKnownFileType = text.plist.xml; path = Info.plist; sourceTree = "<group>"; };
/* End PBXFileReference section */

/* Begin PBXFrameworksBuildPhase section */
		5684601B1CAAE5D300EF5821 /* Frameworks */ = {
			isa = PBXFrameworksBuildPhase;
			buildActionMask = 2147483647;
			files = (
			);
			runOnlyForDeploymentPostprocessing = 0;
		};
/* End PBXFrameworksBuildPhase section */

/* Begin PBXGroup section */
		568460151CAAE5D300EF5821 = {
			isa = PBXGroup;
			children = (
				568460201CAAE5D300EF5821 /* Ability Calculator */,
				5684601F1CAAE5D300EF5821 /* Products */,
			);
			sourceTree = "<group>";
		};
		5684601F1CAAE5D300EF5821 /* Products */ = {
			isa = PBXGroup;
			children = (
				5684601E1CAAE5D300EF5821 /* Ability Calculator.app */,
			);
			name = Products;
			sourceTree = "<group>";
		};
		568460201CAAE5D300EF5821 /* Ability Calculator */ = {
			isa = PBXGroup;
			children = (
				568460211CAAE5D300EF5821 /* AppDelegate.swift */,
				568460231CAAE5D300EF5821 /* ViewController.swift */,
				568460251CAAE5D300EF5821 /* Main.storyboard */,
				568460281CAAE5D300EF5821 /* Assets.xcassets */,
				5684602A1CAAE5D300EF5821 /* LaunchScreen.storyboard */,
				5684602D1CAAE5D300EF5821 /* Info.plist */,
			);
			path = "Ability Calculator";
			sourceTree = "<group>";
		};
/* End PBXGroup section */

/* Begin PBXNativeTarget section */
		5684601D1CAAE5D300EF5821 /* Ability Calculator */ = {
			isa = PBXNativeTarget;
			buildConfigurationList = 568460301CAAE5D300EF5821 /* Build configuration list for PBXNativeTarget "Ability Calculator" */;
			buildPhases = (
				5684601A1CAAE5D300EF5821 /* Sources */,
				5684601B1CAAE5D300EF5821 /* Frameworks */,
				5684601C1CAAE5D300EF5821 /* Resources */,
			);
			buildRules = (
			);
			dependencies = (
			);
			name = "Ability Calculator";
			productName = "Ability Calculator";
			productReference = 5684601E1CAAE5D300EF5821 /* Ability Calculator.app */;
			productType = "com.apple.product-type.application";
		};
/* End PBXNativeTarget section */

/* Begin PBXProject section */
		568460161CAAE5D300EF5821 /* Project object */ = {
			isa = PBXProject;
			attributes = {
				LastSwiftUpdateCheck = 0730;
				LastUpgradeCheck = 0730;
				ORGANIZATIONNAME = "Charles Roncier";
				TargetAttributes = {
					5684601D1CAAE5D300EF5821 = {
						CreatedOnToolsVersion = 7.3;
						DevelopmentTeam = L3PYN5EUFA;
					};
				};
			};
			buildConfigurationList = 568460191CAAE5D300EF5821 /* Build configuration list for PBXProject "Ability Calculator" */;
			compatibilityVersion = "Xcode 3.2";
			developmentRegion = English;
			hasScannedForEncodings = 0;
			knownRegions = (
				en,
				Base,
			);
			mainGroup = 568460151CAAE5D300EF5821;
			productRefGroup = 5684601F1CAAE5D300EF5821 /* Products */;
			projectDirPath = "";
			projectRoot = "";
			targets = (
				5684601D1CAAE5D300EF5821 /* Ability Calculator */,
			);
		};
/* End PBXProject section */

/* Begin PBXResourcesBuildPhase section */
		5684601C1CAAE5D300EF5821 /* Resources */ = {
			isa = PBXResourcesBuildPhase;
			buildActionMask = 2147483647;
			files = (
				5684602C1CAAE5D300EF5821 /* LaunchScreen.storyboard in Resources */,
				568460291CAAE5D300EF5821 /* Assets.xcassets in Resources */,
				568460271CAAE5D300EF5821 /* Main.storyboard in Resources */,
			);
			runOnlyForDeploymentPostprocessing = 0;
		};
/* End PBXResourcesBuildPhase section */

/* Begin PBXSourcesBuildPhase section */
		5684601A1CAAE5D300EF5821 /* Sources */ = {
			isa = PBXSourcesBuildPhase;
			buildActionMask = 2147483647;
			files = (
				568460241CAAE5D300EF5821 /* ViewController.swift in Sources */,
				568460221CAAE5D300EF5821 /* AppDelegate.swift in Sources */,
			);
			runOnlyForDeploymentPostprocessing = 0;
		};
/* End PBXSourcesBuildPhase section */

/* Begin PBXVariantGroup section */
		568460251CAAE5D300EF5821 /* Main.storyboard */ = {
			isa = PBXVariantGroup;
			children = (
				568460261CAAE5D300EF5821 /* Base */,
			);
			name = Main.storyboard;
			sourceTree = "<group>";
		};
		5684602A1CAAE5D300EF5821 /* LaunchScreen.storyboard */ = {
			isa = PBXVariantGroup;
			children = (
				5684602B1CAAE5D300EF5821 /* Base */,
			);
			name = LaunchScreen.storyboard;
			sourceTree = "<group>";
		};
/* End PBXVariantGroup section */

/* Begin XCBuildConfiguration section */
		5684602E1CAAE5D300EF5821 /* Debug */ = {
			isa = XCBuildConfiguration;
			buildSettings = {
				ALWAYS_SEARCH_USER_PATHS = NO;
				CLANG_CXX_LANGUAGE_STANDARD = "gnu++0x";
				CLANG_CXX_LIBRARY = "libc++";
				CLANG_ENABLE_MODULES = YES;
				CLANG_ENABLE_OBJC_ARC = YES;
				CLANG_WARN_BOOL_CONVERSION = YES;
				CLANG_WARN_CONSTANT_CONVERSION = YES;
				CLANG_WARN_DIRECT_OBJC_ISA_USAGE = YES_ERROR;
				CLANG_WARN_EMPTY_BODY = YES;
				CLANG_WARN_ENUM_CONVERSION = YES;
				CLANG_WARN_INT_CONVERSION = YES;
				CLANG_WARN_OBJC_ROOT_CLASS = YES_ERROR;
				CLANG_WARN_UNREACHABLE_CODE = YES;
				CLANG_WARN__DUPLICATE_METHOD_MATCH = YES;
				"CODE_SIGN_IDENTITY[sdk=iphoneos*]" = "iPhone Developer";
				COPY_PHASE_STRIP = NO;
				DEBUG_INFORMATION_FORMAT = dwarf;
				ENABLE_STRICT_OBJC_MSGSEND = YES;
				ENABLE_TESTABILITY = YES;
				GCC_C_LANGUAGE_STANDARD = gnu99;
				GCC_DYNAMIC_NO_PIC = NO;
				GCC_NO_COMMON_BLOCKS = YES;
				GCC_OPTIMIZATION_LEVEL = 0;
				GCC_PREPROCESSOR_DEFINITIONS = (
					"DEBUG=1",
					"$(inherited)",
				);
				GCC_WARN_64_TO_32_BIT_CONVERSION = YES;
				GCC_WARN_ABOUT_RETURN_TYPE = YES_ERROR;
				GCC_WARN_UNDECLARED_SELECTOR = YES;
				GCC_WARN_UNINITIALIZED_AUTOS = YES_AGGRESSIVE;
				GCC_WARN_UNUSED_FUNCTION = YES;
				GCC_WARN_UNUSED_VARIABLE = YES;
				IPHONEOS_DEPLOYMENT_TARGET = 9.3;
				MTL_ENABLE_DEBUG_INFO = YES;
				ONLY_ACTIVE_ARCH = YES;
				SDKROOT = iphoneos;
				SWIFT_OPTIMIZATION_LEVEL = "-Onone";
				TARGETED_DEVICE_FAMILY = "1,2";
			};
			name = Debug;
		};
		5684602F1CAAE5D300EF5821 /* Release */ = {
			isa = XCBuildConfiguration;
			buildSettings = {
				ALWAYS_SEARCH_USER_PATHS = NO;
				CLANG_CXX_LANGUAGE_STANDARD = "gnu++0x";
				CLANG_CXX_LIBRARY = "libc++";
				CLANG_ENABLE_MODULES = YES;
				CLANG_ENABLE_OBJC_ARC = YES;
				CLANG_WARN_BOOL_CONVERSION = YES;
				CLANG_WARN_CONSTANT_CONVERSION = YES;
				CLANG_WARN_DIRECT_OBJC_ISA_USAGE = YES_ERROR;
				CLANG_WARN_EMPTY_BODY = YES;
				CLANG_WARN_ENUM_CONVERSION = YES;
				CLANG_WARN_INT_CONVERSION = YES;
				CLANG_WARN_OBJC_ROOT_CLASS = YES_ERROR;
				CLANG_WARN_UNREACHABLE_CODE = YES;
				CLANG_WARN__DUPLICATE_METHOD_MATCH = YES;
				"CODE_SIGN_IDENTITY[sdk=iphoneos*]" = "iPhone Developer";
				COPY_PHASE_STRIP = NO;
				DEBUG_INFORMATION_FORMAT = "dwarf-with-dsym";
				ENABLE_NS_ASSERTIONS = NO;
				ENABLE_STRICT_OBJC_MSGSEND = YES;
				GCC_C_LANGUAGE_STANDARD = gnu99;
				GCC_NO_COMMON_BLOCKS = YES;
				GCC_WARN_64_TO_32_BIT_CONVERSION = YES;
				GCC_WARN_ABOUT_RETURN_TYPE = YES_ERROR;
				GCC_WARN_UNDECLARED_SELECTOR = YES;
				GCC_WARN_UNINITIALIZED_AUTOS = YES_AGGRESSIVE;
				GCC_WARN_UNUSED_FUNCTION = YES;
				GCC_WARN_UNUSED_VARIABLE = YES;
				IPHONEOS_DEPLOYMENT_TARGET = 9.3;
				MTL_ENABLE_DEBUG_INFO = NO;
				SDKROOT = iphoneos;
				TARGETED_DEVICE_FAMILY = "1,2";
				VALIDATE_PRODUCT = YES;
			};
			name = Release;
		};
		568460311CAAE5D300EF5821 /* Debug */ = {
			isa = XCBuildConfiguration;
			buildSettings = {
				ASSETCATALOG_COMPILER_APPICON_NAME = AppIcon;
				INFOPLIST_FILE = "Ability Calculator/Info.plist";
				LD_RUNPATH_SEARCH_PATHS = "$(inherited) @executable_path/Frameworks";
				PRODUCT_BUNDLE_IDENTIFIER = "net.roncier.Ability-Calculator";
				PRODUCT_NAME = "$(TARGET_NAME)";
			};
			name = Debug;
		};
		568460321CAAE5D300EF5821 /* Release */ = {
			isa = XCBuildConfiguration;
			buildSettings = {
				ASSETCATALOG_COMPILER_APPICON_NAME = AppIcon;
				INFOPLIST_FILE = "Ability Calculator/Info.plist";
				LD_RUNPATH_SEARCH_PATHS = "$(inherited) @executable_path/Frameworks";
				PRODUCT_BUNDLE_IDENTIFIER = "net.roncier.Ability-Calculator";
				PRODUCT_NAME = "$(TARGET_NAME)";
			};
			name = Release;
		};
/* End XCBuildConfiguration section */

/* Begin XCConfigurationList section */
		568460191CAAE5D300EF5821 /* Build configuration list for PBXProject "Ability Calculator" */ = {
			isa = XCConfigurationList;
			buildConfigurations = (
				5684602E1CAAE5D300EF5821 /* Debug */,
				5684602F1CAAE5D300EF5821 /* Release */,
			);
			defaultConfigurationIsVisible = 0;
			defaultConfigurationName = Release;
		};
		568460301CAAE5D300EF5821 /* Build configuration list for PBXNativeTarget "Ability Calculator" */ = {
			isa = XCConfigurationList;
			buildConfigurations = (
				568460311CAAE5D300EF5821 /* Debug */,
				568460321CAAE5D300EF5821 /* Release */,
			);
			defaultConfigurationIsVisible = 0;
		};
/* End XCConfigurationList section */
	};
	rootObject = 568460161CAAE5D300EF5821 /* Project object */;
}
